
Microsoft Visual Studio Solution File, Format Version 12.00
# Visual Studio Version 17
VisualStudioVersion = 17.14.36212.18 d17.14
MinimumVisualStudioVersion = 10.0.40219.1
Project("{FAE04EC0-301F-11D3-BF4B-00C04F79EFBC}") = "Day6", "Day6\Day6.csproj", "{90412267-218C-4ED0-A874-120A19790C83}"
EndProject
Global
	GlobalSection(SolutionConfigurationPlatforms) = preSolution
		Debug|Any CPU = Debug|Any CPU
		Release|Any CPU = Release|Any CPU
	EndGlobalSection
	GlobalSection(ProjectConfigurationPlatforms) = postSolution
		{90412267-218C-4ED0-A874-120A19790C83}.Debug|Any CPU.ActiveCfg = Debug|Any CPU
		{90412267-218C-4ED0-A874-120A19790C83}.Debug|Any CPU.Build.0 = Debug|Any CPU
		{90412267-218C-4ED0-A874-120A19790C83}.Release|Any CPU.ActiveCfg = Release|Any CPU
		{90412267-218C-4ED0-A874-120A19790C83}.Release|Any CPU.Build.0 = Release|Any CPU
	EndGlobalSection
	GlobalSection(SolutionProperties) = preSolution
		HideSolutionNode = FALSE
	EndGlobalSection
	GlobalSection(ExtensibilityGlobals) = postSolution
		SolutionGuid = {4F86F2CB-FB0B-433D-92F2-7297DBCAE353}
	EndGlobalSection
EndGlobal
