
Microsoft Visual Studio Solution File, Format Version 12.00
# Visual Studio Version 17
VisualStudioVersion = 17.14.36212.18 d17.14
MinimumVisualStudioVersion = 10.0.40219.1
Project("{FAE04EC0-301F-11D3-BF4B-00C04F79EFBC}") = "Serialization", "Serialization\Serialization.csproj", "{B97C86A0-E220-453F-AC10-1EB029DE4D30}"
EndProject
Global
	GlobalSection(SolutionConfigurationPlatforms) = preSolution
		Debug|Any CPU = Debug|Any CPU
		Release|Any CPU = Release|Any CPU
	EndGlobalSection
	GlobalSection(ProjectConfigurationPlatforms) = postSolution
		{B97C86A0-E220-453F-AC10-1EB029DE4D30}.Debug|Any CPU.ActiveCfg = Debug|Any CPU
		{B97C86A0-E220-453F-AC10-1EB029DE4D30}.Debug|Any CPU.Build.0 = Debug|Any CPU
		{B97C86A0-E220-453F-AC10-1EB029DE4D30}.Release|Any CPU.ActiveCfg = Release|Any CPU
		{B97C86A0-E220-453F-AC10-1EB029DE4D30}.Release|Any CPU.Build.0 = Release|Any CPU
	EndGlobalSection
	GlobalSection(SolutionProperties) = preSolution
		HideSolutionNode = FALSE
	EndGlobalSection
	GlobalSection(ExtensibilityGlobals) = postSolution
		SolutionGuid = {A284319D-9C7A-4189-8980-C66604389710}
	EndGlobalSection
EndGlobal
