
Microsoft Visual Studio Solution File, Format Version 12.00
# Visual Studio Version 17
VisualStudioVersion = 17.14.36212.18
MinimumVisualStudioVersion = 10.0.40219.1
Project("{FAE04EC0-301F-11D3-BF4B-00C04F79EFBC}") = "DataBases", "DataBases\DataBases.csproj", "{A1862239-1890-42CE-90AD-D2DA3C7ADE74}"
EndProject
Project("{FAE04EC0-301F-11D3-BF4B-00C04F79EFBC}") = "MySqlDatabase", "MySqlDatabase\MySqlDatabase.csproj", "{767CEAB8-AB80-4940-8317-64A9C1BCCFAA}"
EndProject
Global
	GlobalSection(SolutionConfigurationPlatforms) = preSolution
		Debug|Any CPU = Debug|Any CPU
		Release|Any CPU = Release|Any CPU
	EndGlobalSection
	GlobalSection(ProjectConfigurationPlatforms) = postSolution
		{A1862239-1890-42CE-90AD-D2DA3C7ADE74}.Debug|Any CPU.ActiveCfg = Debug|Any CPU
		{A1862239-1890-42CE-90AD-D2DA3C7ADE74}.Debug|Any CPU.Build.0 = Debug|Any CPU
		{A1862239-1890-42CE-90AD-D2DA3C7ADE74}.Release|Any CPU.ActiveCfg = Release|Any CPU
		{A1862239-1890-42CE-90AD-D2DA3C7ADE74}.Release|Any CPU.Build.0 = Release|Any CPU
		{767CEAB8-AB80-4940-8317-64A9C1BCCFAA}.Debug|Any CPU.ActiveCfg = Debug|Any CPU
		{767CEAB8-AB80-4940-8317-64A9C1BCCFAA}.Debug|Any CPU.Build.0 = Debug|Any CPU
		{767CEAB8-AB80-4940-8317-64A9C1BCCFAA}.Release|Any CPU.ActiveCfg = Release|Any CPU
		{767CEAB8-AB80-4940-8317-64A9C1BCCFAA}.Release|Any CPU.Build.0 = Release|Any CPU
	EndGlobalSection
	GlobalSection(SolutionProperties) = preSolution
		HideSolutionNode = FALSE
	EndGlobalSection
	GlobalSection(ExtensibilityGlobals) = postSolution
		SolutionGuid = {302E2F1B-4131-432F-A6B2-D13671DD934B}
	EndGlobalSection
EndGlobal
