
Microsoft Visual Studio Solution File, Format Version 12.00
# Visual Studio Version 17
VisualStudioVersion = 17.14.36212.18 d17.14
MinimumVisualStudioVersion = 10.0.40219.1
Project("{FAE04EC0-301F-11D3-BF4B-00C04F79EFBC}") = "WebMvcDay11", "WebMvcDay11.csproj", "{66626AFA-3B69-40ED-B3E0-80B0C6F51EE8}"
EndProject
Global
	GlobalSection(SolutionConfigurationPlatforms) = preSolution
		Debug|Any CPU = Debug|Any CPU
		Release|Any CPU = Release|Any CPU
	EndGlobalSection
	GlobalSection(ProjectConfigurationPlatforms) = postSolution
		{66626AFA-3B69-40ED-B3E0-80B0C6F51EE8}.Debug|Any CPU.ActiveCfg = Debug|Any CPU
		{66626AFA-3B69-40ED-B3E0-80B0C6F51EE8}.Debug|Any CPU.Build.0 = Debug|Any CPU
		{66626AFA-3B69-40ED-B3E0-80B0C6F51EE8}.Release|Any CPU.ActiveCfg = Release|Any CPU
		{66626AFA-3B69-40ED-B3E0-80B0C6F51EE8}.Release|Any CPU.Build.0 = Release|Any CPU
	EndGlobalSection
	GlobalSection(SolutionProperties) = preSolution
		HideSolutionNode = FALSE
	EndGlobalSection
	GlobalSection(ExtensibilityGlobals) = postSolution
		SolutionGuid = {77AD5086-5175-432C-88A6-F666DAEFF84A}
	EndGlobalSection
EndGlobal
