
Microsoft Visual Studio Solution File, Format Version 12.00
# Visual Studio Version 17
VisualStudioVersion = 17.14.36212.18 d17.14
MinimumVisualStudioVersion = 10.0.40219.1
Project("{FAE04EC0-301F-11D3-BF4B-00C04F79EFBC}") = "ModelBinding", "ModelBinding.csproj", "{3D4FEC58-E8D9-41B2-B29D-EC2381F22675}"
EndProject
Global
	GlobalSection(SolutionConfigurationPlatforms) = preSolution
		Debug|Any CPU = Debug|Any CPU
		Release|Any CPU = Release|Any CPU
	EndGlobalSection
	GlobalSection(ProjectConfigurationPlatforms) = postSolution
		{3D4FEC58-E8D9-41B2-B29D-EC2381F22675}.Debug|Any CPU.ActiveCfg = Debug|Any CPU
		{3D4FEC58-E8D9-41B2-B29D-EC2381F22675}.Debug|Any CPU.Build.0 = Debug|Any CPU
		{3D4FEC58-E8D9-41B2-B29D-EC2381F22675}.Release|Any CPU.ActiveCfg = Release|Any CPU
		{3D4FEC58-E8D9-41B2-B29D-EC2381F22675}.Release|Any CPU.Build.0 = Release|Any CPU
	EndGlobalSection
	GlobalSection(SolutionProperties) = preSolution
		HideSolutionNode = FALSE
	EndGlobalSection
	GlobalSection(ExtensibilityGlobals) = postSolution
		SolutionGuid = {F9082A45-3509-4053-B855-56C46D525B1D}
	EndGlobalSection
EndGlobal
