
Microsoft Visual Studio Solution File, Format Version 12.00
# Visual Studio Version 17
VisualStudioVersion = 17.14.36212.18 d17.14
MinimumVisualStudioVersion = 10.0.40219.1
Project("{FAE04EC0-301F-11D3-BF4B-00C04F79EFBC}") = "FileHandling", "FileHandling\FileHandling.csproj", "{E998C5B3-CC6F-4FE7-9B6C-E706936EAA67}"
EndProject
Global
	GlobalSection(SolutionConfigurationPlatforms) = preSolution
		Debug|Any CPU = Debug|Any CPU
		Release|Any CPU = Release|Any CPU
	EndGlobalSection
	GlobalSection(ProjectConfigurationPlatforms) = postSolution
		{E998C5B3-CC6F-4FE7-9B6C-E706936EAA67}.Debug|Any CPU.ActiveCfg = Debug|Any CPU
		{E998C5B3-CC6F-4FE7-9B6C-E706936EAA67}.Debug|Any CPU.Build.0 = Debug|Any CPU
		{E998C5B3-CC6F-4FE7-9B6C-E706936EAA67}.Release|Any CPU.ActiveCfg = Release|Any CPU
		{E998C5B3-CC6F-4FE7-9B6C-E706936EAA67}.Release|Any CPU.Build.0 = Release|Any CPU
	EndGlobalSection
	GlobalSection(SolutionProperties) = preSolution
		HideSolutionNode = FALSE
	EndGlobalSection
	GlobalSection(ExtensibilityGlobals) = postSolution
		SolutionGuid = {B2474D9E-0B58-4C1F-8675-7A592CE655FF}
	EndGlobalSection
EndGlobal
